// !$*UTF8*$!
{
	archiveVersion = 1;
	classes = {
	};
	objectVersion = 46;
	objects = {

/* Begin PBXBuildFile section */
		44170C431ADF797A006E1C4B /* InterfaceController.swift in Sources */ = {isa = PBXBuildFile; fileRef = 44170C421ADF797A006E1C4B /* InterfaceController.swift */; };
		44170C451ADF797A006E1C4B /* NotificationController.swift in Sources */ = {isa = PBXBuildFile; fileRef = 44170C441ADF797A006E1C4B /* NotificationController.swift */; };
		44170C471ADF797A006E1C4B /* GlanceController.swift in Sources */ = {isa = PBXBuildFile; fileRef = 44170C461ADF797A006E1C4B /* GlanceController.swift */; };
		44170C491ADF797A006E1C4B /* Images.xcassets in Resources */ = {isa = PBXBuildFile; fileRef = 44170C481ADF797A006E1C4B /* Images.xcassets */; };
		44170C4D1ADF797A006E1C4B /* TheTama WatchKit App.app in Resources */ = {isa = PBXBuildFile; fileRef = 44170C4C1ADF797A006E1C4B /* TheTama WatchKit App.app */; };
		44170C5A1ADF797B006E1C4B /* TheTama WatchKit Extension.appex in Embed App Extensions */ = {isa = PBXBuildFile; fileRef = 44170C3D1ADF797A006E1C4B /* TheTama WatchKit Extension.appex */; settings = {ATTRIBUTES = (RemoveHeadersOnCopy, ); }; };
		44170C681ADF7B21006E1C4B /* Images.xcassets in Resources */ = {isa = PBXBuildFile; fileRef = 44170C671ADF7B21006E1C4B /* Images.xcassets */; };
		44170C6B1ADF7B32006E1C4B /* Interface.storyboard in Resources */ = {isa = PBXBuildFile; fileRef = 44170C691ADF7B32006E1C4B /* Interface.storyboard */; };
		44170C6D1ADF7B40006E1C4B /* Info.plist in Resources */ = {isa = PBXBuildFile; fileRef = 44170C6C1ADF7B40006E1C4B /* Info.plist */; };
		44907B3E1ADCCE870053294A /* WatchKit.framework in Frameworks */ = {isa = PBXBuildFile; fileRef = 44907B3C1ADCCDF20053294A /* WatchKit.framework */; };
		44A67B811AD39CF4002A826C /* AppDelegate.swift in Sources */ = {isa = PBXBuildFile; fileRef = 44A67B801AD39CF4002A826C /* AppDelegate.swift */; };
		44A67B881AD39CF4002A826C /* Main.storyboard in Resources */ = {isa = PBXBuildFile; fileRef = 44A67B861AD39CF4002A826C /* Main.storyboard */; };
		44A67B8A1AD39CF4002A826C /* Images.xcassets in Resources */ = {isa = PBXBuildFile; fileRef = 44A67B891AD39CF4002A826C /* Images.xcassets */; };
		44A67B8D1AD39CF5002A826C /* LaunchScreen.xib in Resources */ = {isa = PBXBuildFile; fileRef = 44A67B8B1AD39CF5002A826C /* LaunchScreen.xib */; };
		44A67B991AD39CF5002A826C /* TheTamaTests.swift in Sources */ = {isa = PBXBuildFile; fileRef = 44A67B981AD39CF5002A826C /* TheTamaTests.swift */; };
		44A67C281AD3B5E0002A826C /* ExifRawData.mm in Sources */ = {isa = PBXBuildFile; fileRef = 44A67BD21AD3B5E0002A826C /* ExifRawData.mm */; };
		44A67C291AD3B5E0002A826C /* ExifTags.m in Sources */ = {isa = PBXBuildFile; fileRef = 44A67BD41AD3B5E0002A826C /* ExifTags.m */; };
		44A67C2B1AD3B5E0002A826C /* RicohEXIF.mm in Sources */ = {isa = PBXBuildFile; fileRef = 44A67BD71AD3B5E0002A826C /* RicohEXIF.mm */; };
		44A67C2C1AD3B5E0002A826C /* LibLogging.mm in Sources */ = {isa = PBXBuildFile; fileRef = 44A67BDB1AD3B5E0002A826C /* LibLogging.mm */; };
		44A67C2D1AD3B5E0002A826C /* logger.cpp in Sources */ = {isa = PBXBuildFile; fileRef = 44A67BDC1AD3B5E0002A826C /* logger.cpp */; };
		44A67C2E1AD3B5E0002A826C /* ObjcLogger.mm in Sources */ = {isa = PBXBuildFile; fileRef = 44A67BE01AD3B5E0002A826C /* ObjcLogger.mm */; };
		44A67C2F1AD3B5E0002A826C /* basictypes.cpp in Sources */ = {isa = PBXBuildFile; fileRef = 44A67BE21AD3B5E0002A826C /* basictypes.cpp */; };
		44A67C301AD3B5E0002A826C /* bufferedsock.cpp in Sources */ = {isa = PBXBuildFile; fileRef = 44A67BE41AD3B5E0002A826C /* bufferedsock.cpp */; };
		44A67C311AD3B5E0002A826C /* bytestream.cpp in Sources */ = {isa = PBXBuildFile; fileRef = 44A67BE61AD3B5E0002A826C /* bytestream.cpp */; };
		44A67C321AD3B5E0002A826C /* exceptions.cpp in Sources */ = {isa = PBXBuildFile; fileRef = 44A67BEA1AD3B5E0002A826C /* exceptions.cpp */; };
		44A67C331AD3B5E0002A826C /* int128_t.cpp in Sources */ = {isa = PBXBuildFile; fileRef = 44A67BEC1AD3B5E0002A826C /* int128_t.cpp */; };
		44A67C341AD3B5E0002A826C /* ptp_packets.cpp in Sources */ = {isa = PBXBuildFile; fileRef = 44A67BEE1AD3B5E0002A826C /* ptp_packets.cpp */; };
		44A67C351AD3B5E0002A826C /* ptpip.cpp in Sources */ = {isa = PBXBuildFile; fileRef = 44A67BF01AD3B5E0002A826C /* ptpip.cpp */; };
		44A67C361AD3B5E0002A826C /* ptpip_impl.cpp in Sources */ = {isa = PBXBuildFile; fileRef = 44A67BF21AD3B5E0002A826C /* ptpip_impl.cpp */; };
		44A67C371AD3B5E0002A826C /* ptpip_packets.cpp in Sources */ = {isa = PBXBuildFile; fileRef = 44A67BF31AD3B5E0002A826C /* ptpip_packets.cpp */; };
		44A67C381AD3B5E0002A826C /* ptpip_packets_impl.cpp in Sources */ = {isa = PBXBuildFile; fileRef = 44A67BF51AD3B5E0002A826C /* ptpip_packets_impl.cpp */; };
		44A67C391AD3B5E0002A826C /* PtpIpDeviceInfo.mm in Sources */ = {isa = PBXBuildFile; fileRef = 44A67BF71AD3B5E0002A826C /* PtpIpDeviceInfo.mm */; };
		44A67C3A1AD3B5E0002A826C /* PtpIpDevicePropDesc.mm in Sources */ = {isa = PBXBuildFile; fileRef = 44A67BF91AD3B5E0002A826C /* PtpIpDevicePropDesc.mm */; };
		44A67C3B1AD3B5E0002A826C /* PtpIpInitiator.mm in Sources */ = {isa = PBXBuildFile; fileRef = 44A67BFB1AD3B5E0002A826C /* PtpIpInitiator.mm */; };
		44A67C3C1AD3B5E0002A826C /* PtpIpObjectContainer.mm in Sources */ = {isa = PBXBuildFile; fileRef = 44A67BFD1AD3B5E0002A826C /* PtpIpObjectContainer.mm */; };
		44A67C3D1AD3B5E0002A826C /* PtpIpObjectInfo.mm in Sources */ = {isa = PBXBuildFile; fileRef = 44A67BFF1AD3B5E0002A826C /* PtpIpObjectInfo.mm */; };
		44A67C3E1AD3B5E0002A826C /* PtpIpSession+dcf.mm in Sources */ = {isa = PBXBuildFile; fileRef = 44A67C011AD3B5E0002A826C /* PtpIpSession+dcf.mm */; };
		44A67C3F1AD3B5E0002A826C /* PtpIpSession.mm in Sources */ = {isa = PBXBuildFile; fileRef = 44A67C031AD3B5E0002A826C /* PtpIpSession.mm */; };
		44A67C401AD3B5E0002A826C /* PtpIpStorageInfo.mm in Sources */ = {isa = PBXBuildFile; fileRef = 44A67C051AD3B5E0002A826C /* PtpIpStorageInfo.mm */; };
		44A67C411AD3B5E0002A826C /* variant.cpp in Sources */ = {isa = PBXBuildFile; fileRef = 44A67C061AD3B5E0002A826C /* variant.cpp */; };
		44A67C431AD3B5E0002A826C /* PtpConnection.m in Sources */ = {isa = PBXBuildFile; fileRef = 44A67C0C1AD3B5E0002A826C /* PtpConnection.m */; };
		44A67C441AD3B5E0002A826C /* PtpLogging.mm in Sources */ = {isa = PBXBuildFile; fileRef = 44A67C0E1AD3B5E0002A826C /* PtpLogging.mm */; };
		44A67C451AD3B5E0002A826C /* PtpOperator.m in Sources */ = {isa = PBXBuildFile; fileRef = 44A67C101AD3B5E0002A826C /* PtpOperator.m */; };
		44A67C4B1AD3BA9D002A826C /* PtpObject.m in Sources */ = {isa = PBXBuildFile; fileRef = 44A67C491AD3BA9D002A826C /* PtpObject.m */; };
		44A67C4D1AD3BCD5002A826C /* OpenGLES.framework in Frameworks */ = {isa = PBXBuildFile; fileRef = 44A67C4C1AD3BCD5002A826C /* OpenGLES.framework */; };
		44A67C4F1AD3BCDE002A826C /* GLKit.framework in Frameworks */ = {isa = PBXBuildFile; fileRef = 44A67C4E1AD3BCDE002A826C /* GLKit.framework */; };
		44A67C511AD3BCE9002A826C /* Accelerate.framework in Frameworks */ = {isa = PBXBuildFile; fileRef = 44A67C501AD3BCE9002A826C /* Accelerate.framework */; };
		44A67C531AD3BCF5002A826C /* CoreGraphics.framework in Frameworks */ = {isa = PBXBuildFile; fileRef = 44A67C521AD3BCF5002A826C /* CoreGraphics.framework */; };
		44A67C551AD3BD0E002A826C /* Foundation.framework in Frameworks */ = {isa = PBXBuildFile; fileRef = 44A67C541AD3BD0E002A826C /* Foundation.framework */; };
		44A67C571AD3BD1F002A826C /* ImageIO.framework in Frameworks */ = {isa = PBXBuildFile; fileRef = 44A67C561AD3BD1F002A826C /* ImageIO.framework */; };
		44A67C591AD3BD29002A826C /* UIKit.framework in Frameworks */ = {isa = PBXBuildFile; fileRef = 44A67C581AD3BD29002A826C /* UIKit.framework */; };
		44A67C5B1AD3BD3F002A826C /* libiconv.dylib in Frameworks */ = {isa = PBXBuildFile; fileRef = 44A67C5A1AD3BD3F002A826C /* libiconv.dylib */; };
		44A67C5F1AD3E305002A826C /* ViewerViewController.m in Sources */ = {isa = PBXBuildFile; fileRef = 44A67C5E1AD3E305002A826C /* ViewerViewController.m */; };
		44A67C611AD433F9002A826C /* DataObject.swift in Sources */ = {isa = PBXBuildFile; fileRef = 44A67C601AD433F9002A826C /* DataObject.swift */; };
		44A67C641AD4A1B9002A826C /* TableCellTama.m in Sources */ = {isa = PBXBuildFile; fileRef = 44A67C631AD4A1B8002A826C /* TableCellTama.m */; };
		44A67C6B1AD5AA1A002A826C /* ListViewController.m in Sources */ = {isa = PBXBuildFile; fileRef = 44A67C691AD5AA1A002A826C /* ListViewController.m */; };
		44B4EA621AD3E26900DE5C7E /* CaptureViewController.m in Sources */ = {isa = PBXBuildFile; fileRef = 44B4EA611AD3E26900DE5C7E /* CaptureViewController.m */; };
		44CD6DF31AD81B760001F5B3 /* ConnectViewController.m in Sources */ = {isa = PBXBuildFile; fileRef = 44CD6DF11AD81B760001F5B3 /* ConnectViewController.m */; };
		44CD6DFC1AD8B4DB0001F5B3 /* GLRenderView.m in Sources */ = {isa = PBXBuildFile; fileRef = 44CD6DF81AD8B4DB0001F5B3 /* GLRenderView.m */; };
		44CD6DFD1AD8B4DB0001F5B3 /* glkViewController.m in Sources */ = {isa = PBXBuildFile; fileRef = 44CD6DF91AD8B4DB0001F5B3 /* glkViewController.m */; };
		44CD6E011AD8C2960001F5B3 /* UVSphere.m in Sources */ = {isa = PBXBuildFile; fileRef = 44CD6DFE1AD8C2960001F5B3 /* UVSphere.m */; };
		44CD6E041AD916580001F5B3 /* iAd.framework in Frameworks */ = {isa = PBXBuildFile; fileRef = 44CD6E031AD916580001F5B3 /* iAd.framework */; };
		C013159E2F6CA5269C077B97 /* libPods.a in Frameworks */ = {isa = PBXBuildFile; fileRef = F72BE7B8DB0524CD2C36F399 /* libPods.a */; };
/* End PBXBuildFile section */

/* Begin PBXContainerItemProxy section */
		44170C4E1ADF797A006E1C4B /* PBXContainerItemProxy */ = {
			isa = PBXContainerItemProxy;
			containerPortal = 44A67B731AD39CF4002A826C /* Project object */;
			proxyType = 1;
			remoteGlobalIDString = 44170C4B1ADF797A006E1C4B;
			remoteInfo = "TheTama WatchKit App";
		};
		44170C581ADF797B006E1C4B /* PBXContainerItemProxy */ = {
			isa = PBXContainerItemProxy;
			containerPortal = 44A67B731AD39CF4002A826C /* Project object */;
			proxyType = 1;
			remoteGlobalIDString = 44170C3C1ADF797A006E1C4B;
			remoteInfo = "TheTama WatchKit Extension";
		};
		44A67B931AD39CF5002A826C /* PBXContainerItemProxy */ = {
			isa = PBXContainerItemProxy;
			containerPortal = 44A67B731AD39CF4002A826C /* Project object */;
			proxyType = 1;
			remoteGlobalIDString = 44A67B7A1AD39CF4002A826C;
			remoteInfo = TheTama;
		};
/* End PBXContainerItemProxy section */

/* Begin PBXCopyFilesBuildPhase section */
		44907B3B1ADCCA670053294A /* Embed App Extensions */ = {
			isa = PBXCopyFilesBuildPhase;
			buildActionMask = 2147483647;
			dstPath = "";
			dstSubfolderSpec = 13;
			files = (
				44170C5A1ADF797B006E1C4B /* TheTama WatchKit Extension.appex in Embed App Extensions */,
			);
			name = "Embed App Extensions";
			runOnlyForDeploymentPostprocessing = 0;
		};
/* End PBXCopyFilesBuildPhase section */

/* Begin PBXFileReference section */
		44170C3D1ADF797A006E1C4B /* TheTama WatchKit Extension.appex */ = {isa = PBXFileReference; explicitFileType = "wrapper.app-extension"; includeInIndex = 0; path = "TheTama WatchKit Extension.appex"; sourceTree = BUILT_PRODUCTS_DIR; };
		44170C401ADF797A006E1C4B /* Info.plist */ = {isa = PBXFileReference; lastKnownFileType = text.plist.xml; path = Info.plist; sourceTree = "<group>"; };
		44170C411ADF797A006E1C4B /* PushNotificationPayload.apns */ = {isa = PBXFileReference; lastKnownFileType = text; path = PushNotificationPayload.apns; sourceTree = "<group>"; };
		44170C421ADF797A006E1C4B /* InterfaceController.swift */ = {isa = PBXFileReference; lastKnownFileType = sourcecode.swift; path = InterfaceController.swift; sourceTree = "<group>"; };
		44170C441ADF797A006E1C4B /* NotificationController.swift */ = {isa = PBXFileReference; lastKnownFileType = sourcecode.swift; path = NotificationController.swift; sourceTree = "<group>"; };
		44170C461ADF797A006E1C4B /* GlanceController.swift */ = {isa = PBXFileReference; lastKnownFileType = sourcecode.swift; path = GlanceController.swift; sourceTree = "<group>"; };
		44170C481ADF797A006E1C4B /* Images.xcassets */ = {isa = PBXFileReference; lastKnownFileType = folder.assetcatalog; path = Images.xcassets; sourceTree = "<group>"; };
		44170C4C1ADF797A006E1C4B /* TheTama WatchKit App.app */ = {isa = PBXFileReference; explicitFileType = wrapper.application; includeInIndex = 0; path = "TheTama WatchKit App.app"; sourceTree = BUILT_PRODUCTS_DIR; };
		44170C671ADF7B21006E1C4B /* Images.xcassets */ = {isa = PBXFileReference; lastKnownFileType = folder.assetcatalog; path = Images.xcassets; sourceTree = "<group>"; };
		44170C6A1ADF7B32006E1C4B /* Base */ = {isa = PBXFileReference; lastKnownFileType = file.storyboard; name = Base; path = Base.lproj/Interface.storyboard; sourceTree = "<group>"; };
		44170C6C1ADF7B40006E1C4B /* Info.plist */ = {isa = PBXFileReference; fileEncoding = 4; lastKnownFileType = text.plist.xml; path = Info.plist; sourceTree = "<group>"; };
		44907B3C1ADCCDF20053294A /* WatchKit.framework */ = {isa = PBXFileReference; lastKnownFileType = wrapper.framework; name = WatchKit.framework; path = System/Library/Frameworks/WatchKit.framework; sourceTree = SDKROOT; };
		44A67B7B1AD39CF4002A826C /* TheTama.app */ = {isa = PBXFileReference; explicitFileType = wrapper.application; includeInIndex = 0; path = TheTama.app; sourceTree = BUILT_PRODUCTS_DIR; };
		44A67B7F1AD39CF4002A826C /* Info.plist */ = {isa = PBXFileReference; lastKnownFileType = text.plist.xml; path = Info.plist; sourceTree = "<group>"; };
		44A67B801AD39CF4002A826C /* AppDelegate.swift */ = {isa = PBXFileReference; lastKnownFileType = sourcecode.swift; path = AppDelegate.swift; sourceTree = "<group>"; };
		44A67B871AD39CF4002A826C /* Base */ = {isa = PBXFileReference; lastKnownFileType = file.storyboard; name = Base; path = Base.lproj/Main.storyboard; sourceTree = "<group>"; };
		44A67B891AD39CF4002A826C /* Images.xcassets */ = {isa = PBXFileReference; lastKnownFileType = folder.assetcatalog; path = Images.xcassets; sourceTree = "<group>"; };
		44A67B8C1AD39CF5002A826C /* Base */ = {isa = PBXFileReference; lastKnownFileType = file.xib; name = Base; path = Base.lproj/LaunchScreen.xib; sourceTree = "<group>"; };
		44A67B921AD39CF5002A826C /* TheTamaTests.xctest */ = {isa = PBXFileReference; explicitFileType = wrapper.cfbundle; includeInIndex = 0; path = TheTamaTests.xctest; sourceTree = BUILT_PRODUCTS_DIR; };
		44A67B971AD39CF5002A826C /* Info.plist */ = {isa = PBXFileReference; lastKnownFileType = text.plist.xml; path = Info.plist; sourceTree = "<group>"; };
		44A67B981AD39CF5002A826C /* TheTamaTests.swift */ = {isa = PBXFileReference; lastKnownFileType = sourcecode.swift; path = TheTamaTests.swift; sourceTree = "<group>"; };
		44A67BAE1AD3B27B002A826C /* TheTama-Bridging-Header.h */ = {isa = PBXFileReference; lastKnownFileType = sourcecode.c.h; path = "TheTama-Bridging-Header.h"; sourceTree = "<group>"; };
		44A67BD11AD3B5DF002A826C /* ExifRawData.h */ = {isa = PBXFileReference; fileEncoding = 4; lastKnownFileType = sourcecode.c.h; path = ExifRawData.h; sourceTree = "<group>"; };
		44A67BD21AD3B5E0002A826C /* ExifRawData.mm */ = {isa = PBXFileReference; fileEncoding = 4; lastKnownFileType = sourcecode.cpp.objcpp; path = ExifRawData.mm; sourceTree = "<group>"; };
		44A67BD31AD3B5E0002A826C /* ExifTags.h */ = {isa = PBXFileReference; fileEncoding = 4; lastKnownFileType = sourcecode.c.h; path = ExifTags.h; sourceTree = "<group>"; };
		44A67BD41AD3B5E0002A826C /* ExifTags.m */ = {isa = PBXFileReference; fileEncoding = 4; lastKnownFileType = sourcecode.c.objc; path = ExifTags.m; sourceTree = "<group>"; };
		44A67BD61AD3B5E0002A826C /* RicohEXIF.h */ = {isa = PBXFileReference; fileEncoding = 4; lastKnownFileType = sourcecode.c.h; path = RicohEXIF.h; sourceTree = "<group>"; };
		44A67BD71AD3B5E0002A826C /* RicohEXIF.mm */ = {isa = PBXFileReference; fileEncoding = 4; lastKnownFileType = sourcecode.cpp.objcpp; path = RicohEXIF.mm; sourceTree = "<group>"; };
		44A67BDA1AD3B5E0002A826C /* LibLogging.h */ = {isa = PBXFileReference; fileEncoding = 4; lastKnownFileType = sourcecode.c.h; path = LibLogging.h; sourceTree = "<group>"; };
		44A67BDB1AD3B5E0002A826C /* LibLogging.mm */ = {isa = PBXFileReference; fileEncoding = 4; lastKnownFileType = sourcecode.cpp.objcpp; path = LibLogging.mm; sourceTree = "<group>"; };
		44A67BDC1AD3B5E0002A826C /* logger.cpp */ = {isa = PBXFileReference; fileEncoding = 4; lastKnownFileType = sourcecode.cpp.cpp; path = logger.cpp; sourceTree = "<group>"; };
		44A67BDD1AD3B5E0002A826C /* logger.h */ = {isa = PBXFileReference; fileEncoding = 4; lastKnownFileType = sourcecode.c.h; path = logger.h; sourceTree = "<group>"; };
		44A67BDE1AD3B5E0002A826C /* ObjcLogger+Extension.h */ = {isa = PBXFileReference; fileEncoding = 4; lastKnownFileType = sourcecode.c.h; path = "ObjcLogger+Extension.h"; sourceTree = "<group>"; };
		44A67BDF1AD3B5E0002A826C /* ObjcLogger.h */ = {isa = PBXFileReference; fileEncoding = 4; lastKnownFileType = sourcecode.c.h; path = ObjcLogger.h; sourceTree = "<group>"; };
		44A67BE01AD3B5E0002A826C /* ObjcLogger.mm */ = {isa = PBXFileReference; fileEncoding = 4; lastKnownFileType = sourcecode.cpp.objcpp; path = ObjcLogger.mm; sourceTree = "<group>"; };
		44A67BE21AD3B5E0002A826C /* basictypes.cpp */ = {isa = PBXFileReference; fileEncoding = 4; lastKnownFileType = sourcecode.cpp.cpp; path = basictypes.cpp; sourceTree = "<group>"; };
		44A67BE31AD3B5E0002A826C /* basictypes.h */ = {isa = PBXFileReference; fileEncoding = 4; lastKnownFileType = sourcecode.c.h; path = basictypes.h; sourceTree = "<group>"; };
		44A67BE41AD3B5E0002A826C /* bufferedsock.cpp */ = {isa = PBXFileReference; fileEncoding = 4; lastKnownFileType = sourcecode.cpp.cpp; path = bufferedsock.cpp; sourceTree = "<group>"; };
		44A67BE51AD3B5E0002A826C /* bufferedsock.h */ = {isa = PBXFileReference; fileEncoding = 4; lastKnownFileType = sourcecode.c.h; path = bufferedsock.h; sourceTree = "<group>"; };
		44A67BE61AD3B5E0002A826C /* bytestream.cpp */ = {isa = PBXFileReference; fileEncoding = 4; lastKnownFileType = sourcecode.cpp.cpp; path = bytestream.cpp; sourceTree = "<group>"; };
		44A67BE71AD3B5E0002A826C /* bytestream.h */ = {isa = PBXFileReference; fileEncoding = 4; lastKnownFileType = sourcecode.c.h; path = bytestream.h; sourceTree = "<group>"; };
		44A67BE81AD3B5E0002A826C /* codes.h */ = {isa = PBXFileReference; fileEncoding = 4; lastKnownFileType = sourcecode.c.h; path = codes.h; sourceTree = "<group>"; };
		44A67BE91AD3B5E0002A826C /* codes_c.h */ = {isa = PBXFileReference; fileEncoding = 4; lastKnownFileType = sourcecode.c.h; path = codes_c.h; sourceTree = "<group>"; };
		44A67BEA1AD3B5E0002A826C /* exceptions.cpp */ = {isa = PBXFileReference; fileEncoding = 4; lastKnownFileType = sourcecode.cpp.cpp; path = exceptions.cpp; sourceTree = "<group>"; };
		44A67BEB1AD3B5E0002A826C /* exceptions.h */ = {isa = PBXFileReference; fileEncoding = 4; lastKnownFileType = sourcecode.c.h; path = exceptions.h; sourceTree = "<group>"; };
		44A67BEC1AD3B5E0002A826C /* int128_t.cpp */ = {isa = PBXFileReference; fileEncoding = 4; lastKnownFileType = sourcecode.cpp.cpp; path = int128_t.cpp; sourceTree = "<group>"; };
		44A67BED1AD3B5E0002A826C /* int128_t.h */ = {isa = PBXFileReference; fileEncoding = 4; lastKnownFileType = sourcecode.c.h; path = int128_t.h; sourceTree = "<group>"; };
		44A67BEE1AD3B5E0002A826C /* ptp_packets.cpp */ = {isa = PBXFileReference; fileEncoding = 4; lastKnownFileType = sourcecode.cpp.cpp; path = ptp_packets.cpp; sourceTree = "<group>"; };
		44A67BEF1AD3B5E0002A826C /* ptp_packets.h */ = {isa = PBXFileReference; fileEncoding = 4; lastKnownFileType = sourcecode.c.h; path = ptp_packets.h; sourceTree = "<group>"; };
		44A67BF01AD3B5E0002A826C /* ptpip.cpp */ = {isa = PBXFileReference; fileEncoding = 4; lastKnownFileType = sourcecode.cpp.cpp; path = ptpip.cpp; sourceTree = "<group>"; };
		44A67BF11AD3B5E0002A826C /* ptpip.h */ = {isa = PBXFileReference; fileEncoding = 4; lastKnownFileType = sourcecode.c.h; path = ptpip.h; sourceTree = "<group>"; };
		44A67BF21AD3B5E0002A826C /* ptpip_impl.cpp */ = {isa = PBXFileReference; fileEncoding = 4; lastKnownFileType = sourcecode.cpp.cpp; path = ptpip_impl.cpp; sourceTree = "<group>"; };
		44A67BF31AD3B5E0002A826C /* ptpip_packets.cpp */ = {isa = PBXFileReference; fileEncoding = 4; lastKnownFileType = sourcecode.cpp.cpp; path = ptpip_packets.cpp; sourceTree = "<group>"; };
		44A67BF41AD3B5E0002A826C /* ptpip_packets.h */ = {isa = PBXFileReference; fileEncoding = 4; lastKnownFileType = sourcecode.c.h; path = ptpip_packets.h; sourceTree = "<group>"; };
		44A67BF51AD3B5E0002A826C /* ptpip_packets_impl.cpp */ = {isa = PBXFileReference; fileEncoding = 4; lastKnownFileType = sourcecode.cpp.cpp; path = ptpip_packets_impl.cpp; sourceTree = "<group>"; };
		44A67BF61AD3B5E0002A826C /* PtpIpDeviceInfo.h */ = {isa = PBXFileReference; fileEncoding = 4; lastKnownFileType = sourcecode.c.h; path = PtpIpDeviceInfo.h; sourceTree = "<group>"; };
		44A67BF71AD3B5E0002A826C /* PtpIpDeviceInfo.mm */ = {isa = PBXFileReference; fileEncoding = 4; lastKnownFileType = sourcecode.cpp.objcpp; path = PtpIpDeviceInfo.mm; sourceTree = "<group>"; };
		44A67BF81AD3B5E0002A826C /* PtpIpDevicePropDesc.h */ = {isa = PBXFileReference; fileEncoding = 4; lastKnownFileType = sourcecode.c.h; path = PtpIpDevicePropDesc.h; sourceTree = "<group>"; };
		44A67BF91AD3B5E0002A826C /* PtpIpDevicePropDesc.mm */ = {isa = PBXFileReference; fileEncoding = 4; lastKnownFileType = sourcecode.cpp.objcpp; path = PtpIpDevicePropDesc.mm; sourceTree = "<group>"; };
		44A67BFA1AD3B5E0002A826C /* PtpIpInitiator.h */ = {isa = PBXFileReference; fileEncoding = 4; lastKnownFileType = sourcecode.c.h; path = PtpIpInitiator.h; sourceTree = "<group>"; };
		44A67BFB1AD3B5E0002A826C /* PtpIpInitiator.mm */ = {isa = PBXFileReference; fileEncoding = 4; lastKnownFileType = sourcecode.cpp.objcpp; path = PtpIpInitiator.mm; sourceTree = "<group>"; };
		44A67BFC1AD3B5E0002A826C /* PtpIpObjectContainer.h */ = {isa = PBXFileReference; fileEncoding = 4; lastKnownFileType = sourcecode.c.h; path = PtpIpObjectContainer.h; sourceTree = "<group>"; };
		44A67BFD1AD3B5E0002A826C /* PtpIpObjectContainer.mm */ = {isa = PBXFileReference; fileEncoding = 4; lastKnownFileType = sourcecode.cpp.objcpp; path = PtpIpObjectContainer.mm; sourceTree = "<group>"; };
		44A67BFE1AD3B5E0002A826C /* PtpIpObjectInfo.h */ = {isa = PBXFileReference; fileEncoding = 4; lastKnownFileType = sourcecode.c.h; path = PtpIpObjectInfo.h; sourceTree = "<group>"; };
		44A67BFF1AD3B5E0002A826C /* PtpIpObjectInfo.mm */ = {isa = PBXFileReference; fileEncoding = 4; lastKnownFileType = sourcecode.cpp.objcpp; path = PtpIpObjectInfo.mm; sourceTree = "<group>"; };
		44A67C001AD3B5E0002A826C /* PtpIpSession+dcf.h */ = {isa = PBXFileReference; fileEncoding = 4; lastKnownFileType = sourcecode.c.h; path = "PtpIpSession+dcf.h"; sourceTree = "<group>"; };
		44A67C011AD3B5E0002A826C /* PtpIpSession+dcf.mm */ = {isa = PBXFileReference; fileEncoding = 4; lastKnownFileType = sourcecode.cpp.objcpp; path = "PtpIpSession+dcf.mm"; sourceTree = "<group>"; };
		44A67C021AD3B5E0002A826C /* PtpIpSession.h */ = {isa = PBXFileReference; fileEncoding = 4; lastKnownFileType = sourcecode.c.h; path = PtpIpSession.h; sourceTree = "<group>"; };
		44A67C031AD3B5E0002A826C /* PtpIpSession.mm */ = {isa = PBXFileReference; fileEncoding = 4; lastKnownFileType = sourcecode.cpp.objcpp; path = PtpIpSession.mm; sourceTree = "<group>"; };
		44A67C041AD3B5E0002A826C /* PtpIpStorageInfo.h */ = {isa = PBXFileReference; fileEncoding = 4; lastKnownFileType = sourcecode.c.h; path = PtpIpStorageInfo.h; sourceTree = "<group>"; };
		44A67C051AD3B5E0002A826C /* PtpIpStorageInfo.mm */ = {isa = PBXFileReference; fileEncoding = 4; lastKnownFileType = sourcecode.cpp.objcpp; path = PtpIpStorageInfo.mm; sourceTree = "<group>"; };
		44A67C061AD3B5E0002A826C /* variant.cpp */ = {isa = PBXFileReference; fileEncoding = 4; lastKnownFileType = sourcecode.cpp.cpp; path = variant.cpp; sourceTree = "<group>"; };
		44A67C071AD3B5E0002A826C /* variant.h */ = {isa = PBXFileReference; fileEncoding = 4; lastKnownFileType = sourcecode.c.h; path = variant.h; sourceTree = "<group>"; };
		44A67C081AD3B5E0002A826C /* README */ = {isa = PBXFileReference; fileEncoding = 4; lastKnownFileType = text; path = README; sourceTree = "<group>"; };
		44A67C0A1AD3B5E0002A826C /* PtpConnection+Extension.h */ = {isa = PBXFileReference; fileEncoding = 4; lastKnownFileType = sourcecode.c.h; path = "PtpConnection+Extension.h"; sourceTree = "<group>"; };
		44A67C0B1AD3B5E0002A826C /* PtpConnection.h */ = {isa = PBXFileReference; fileEncoding = 4; lastKnownFileType = sourcecode.c.h; path = PtpConnection.h; sourceTree = "<group>"; };
		44A67C0C1AD3B5E0002A826C /* PtpConnection.m */ = {isa = PBXFileReference; fileEncoding = 4; lastKnownFileType = sourcecode.c.objc; path = PtpConnection.m; sourceTree = "<group>"; };
		44A67C0D1AD3B5E0002A826C /* PtpLogging.h */ = {isa = PBXFileReference; fileEncoding = 4; lastKnownFileType = sourcecode.c.h; path = PtpLogging.h; sourceTree = "<group>"; };
		44A67C0E1AD3B5E0002A826C /* PtpLogging.mm */ = {isa = PBXFileReference; fileEncoding = 4; lastKnownFileType = sourcecode.cpp.objcpp; path = PtpLogging.mm; sourceTree = "<group>"; };
		44A67C0F1AD3B5E0002A826C /* PtpOperator.h */ = {isa = PBXFileReference; fileEncoding = 4; lastKnownFileType = sourcecode.c.h; path = PtpOperator.h; sourceTree = "<group>"; };
		44A67C101AD3B5E0002A826C /* PtpOperator.m */ = {isa = PBXFileReference; fileEncoding = 4; lastKnownFileType = sourcecode.c.objc; path = PtpOperator.m; sourceTree = "<group>"; };
		44A67C111AD3B5E0002A826C /* README */ = {isa = PBXFileReference; fileEncoding = 4; lastKnownFileType = text; path = README; sourceTree = "<group>"; };
		44A67C491AD3BA9D002A826C /* PtpObject.m */ = {isa = PBXFileReference; fileEncoding = 4; lastKnownFileType = sourcecode.c.objc; path = PtpObject.m; sourceTree = "<group>"; };
		44A67C4A1AD3BA9D002A826C /* PtpObject.h */ = {isa = PBXFileReference; fileEncoding = 4; lastKnownFileType = sourcecode.c.h; path = PtpObject.h; sourceTree = "<group>"; };
		44A67C4C1AD3BCD5002A826C /* OpenGLES.framework */ = {isa = PBXFileReference; lastKnownFileType = wrapper.framework; name = OpenGLES.framework; path = System/Library/Frameworks/OpenGLES.framework; sourceTree = SDKROOT; };
		44A67C4E1AD3BCDE002A826C /* GLKit.framework */ = {isa = PBXFileReference; lastKnownFileType = wrapper.framework; name = GLKit.framework; path = System/Library/Frameworks/GLKit.framework; sourceTree = SDKROOT; };
		44A67C501AD3BCE9002A826C /* Accelerate.framework */ = {isa = PBXFileReference; lastKnownFileType = wrapper.framework; name = Accelerate.framework; path = System/Library/Frameworks/Accelerate.framework; sourceTree = SDKROOT; };
		44A67C521AD3BCF5002A826C /* CoreGraphics.framework */ = {isa = PBXFileReference; lastKnownFileType = wrapper.framework; name = CoreGraphics.framework; path = System/Library/Frameworks/CoreGraphics.framework; sourceTree = SDKROOT; };
		44A67C541AD3BD0E002A826C /* Foundation.framework */ = {isa = PBXFileReference; lastKnownFileType = wrapper.framework; name = Foundation.framework; path = System/Library/Frameworks/Foundation.framework; sourceTree = SDKROOT; };
		44A67C561AD3BD1F002A826C /* ImageIO.framework */ = {isa = PBXFileReference; lastKnownFileType = wrapper.framework; name = ImageIO.framework; path = System/Library/Frameworks/ImageIO.framework; sourceTree = SDKROOT; };
		44A67C581AD3BD29002A826C /* UIKit.framework */ = {isa = PBXFileReference; lastKnownFileType = wrapper.framework; name = UIKit.framework; path = System/Library/Frameworks/UIKit.framework; sourceTree = SDKROOT; };
		44A67C5A1AD3BD3F002A826C /* libiconv.dylib */ = {isa = PBXFileReference; lastKnownFileType = "compiled.mach-o.dylib"; name = libiconv.dylib; path = usr/lib/libiconv.dylib; sourceTree = SDKROOT; };
		44A67C5D1AD3E305002A826C /* ViewerViewController.h */ = {isa = PBXFileReference; fileEncoding = 4; lastKnownFileType = sourcecode.c.h; path = ViewerViewController.h; sourceTree = "<group>"; };
		44A67C5E1AD3E305002A826C /* ViewerViewController.m */ = {isa = PBXFileReference; fileEncoding = 4; lastKnownFileType = sourcecode.c.objc; path = ViewerViewController.m; sourceTree = "<group>"; };
		44A67C601AD433F9002A826C /* DataObject.swift */ = {isa = PBXFileReference; fileEncoding = 4; lastKnownFileType = sourcecode.swift; path = DataObject.swift; sourceTree = "<group>"; };
		44A67C621AD4A1B8002A826C /* TableCellTama.h */ = {isa = PBXFileReference; fileEncoding = 4; lastKnownFileType = sourcecode.c.h; path = TableCellTama.h; sourceTree = "<group>"; };
		44A67C631AD4A1B8002A826C /* TableCellTama.m */ = {isa = PBXFileReference; fileEncoding = 4; lastKnownFileType = sourcecode.c.objc; path = TableCellTama.m; sourceTree = "<group>"; };
		44A67C661AD52F25002A826C /* ja */ = {isa = PBXFileReference; lastKnownFileType = text.plist.strings; name = ja; path = ja.lproj/LaunchScreen.strings; sourceTree = "<group>"; };
		44A67C691AD5AA1A002A826C /* ListViewController.m */ = {isa = PBXFileReference; fileEncoding = 4; lastKnownFileType = sourcecode.c.objc; path = ListViewController.m; sourceTree = "<group>"; };
		44A67C6A1AD5AA1A002A826C /* ListViewController.h */ = {isa = PBXFileReference; fileEncoding = 4; lastKnownFileType = sourcecode.c.h; path = ListViewController.h; sourceTree = "<group>"; };
		44B4EA601AD3E26900DE5C7E /* CaptureViewController.h */ = {isa = PBXFileReference; fileEncoding = 4; lastKnownFileType = sourcecode.c.h; path = CaptureViewController.h; sourceTree = "<group>"; };
		44B4EA611AD3E26900DE5C7E /* CaptureViewController.m */ = {isa = PBXFileReference; fileEncoding = 4; lastKnownFileType = sourcecode.c.objc; path = CaptureViewController.m; sourceTree = "<group>"; };
		44CD6DF11AD81B760001F5B3 /* ConnectViewController.m */ = {isa = PBXFileReference; fileEncoding = 4; lastKnownFileType = sourcecode.c.objc; path = ConnectViewController.m; sourceTree = "<group>"; };
		44CD6DF21AD81B760001F5B3 /* ConnectViewController.h */ = {isa = PBXFileReference; fileEncoding = 4; lastKnownFileType = sourcecode.c.h; path = ConnectViewController.h; sourceTree = "<group>"; };
		44CD6DF51AD8454F0001F5B3 /* ja */ = {isa = PBXFileReference; lastKnownFileType = text.plist.strings; name = ja; path = ja.lproj/Main.strings; sourceTree = "<group>"; };
		44CD6DF71AD8459D0001F5B3 /* en */ = {isa = PBXFileReference; lastKnownFileType = text.plist.strings; name = en; path = en.lproj/Main.strings; sourceTree = "<group>"; };
		44CD6DF81AD8B4DB0001F5B3 /* GLRenderView.m */ = {isa = PBXFileReference; fileEncoding = 4; lastKnownFileType = sourcecode.c.objc; name = GLRenderView.m; path = "../../RICOH_THETA_SDK_for_iOS.0.3.0/ricoh-theta-sample-for-ios/ricoh-theta-sample-for-ios/GLRenderView.m"; sourceTree = "<group>"; };
		44CD6DF91AD8B4DB0001F5B3 /* glkViewController.m */ = {isa = PBXFileReference; fileEncoding = 4; lastKnownFileType = sourcecode.c.objc; name = glkViewController.m; path = "../../RICOH_THETA_SDK_for_iOS.0.3.0/ricoh-theta-sample-for-ios/ricoh-theta-sample-for-ios/glkViewController.m"; sourceTree = "<group>"; };
		44CD6DFA1AD8B4DB0001F5B3 /* glkViewController.h */ = {isa = PBXFileReference; fileEncoding = 4; lastKnownFileType = sourcecode.c.h; name = glkViewController.h; path = "../../RICOH_THETA_SDK_for_iOS.0.3.0/ricoh-theta-sample-for-ios/ricoh-theta-sample-for-ios/glkViewController.h"; sourceTree = "<group>"; };
		44CD6DFB1AD8B4DB0001F5B3 /* GLRenderView.h */ = {isa = PBXFileReference; fileEncoding = 4; lastKnownFileType = sourcecode.c.h; name = GLRenderView.h; path = "../../RICOH_THETA_SDK_for_iOS.0.3.0/ricoh-theta-sample-for-ios/ricoh-theta-sample-for-ios/GLRenderView.h"; sourceTree = "<group>"; };
		44CD6DFE1AD8C2960001F5B3 /* UVSphere.m */ = {isa = PBXFileReference; fileEncoding = 4; lastKnownFileType = sourcecode.c.objc; name = UVSphere.m; path = "../../RICOH_THETA_SDK_for_iOS.0.3.0/ricoh-theta-sample-for-ios/ricoh-theta-sample-for-ios/UVSphere.m"; sourceTree = "<group>"; };
		44CD6DFF1AD8C2960001F5B3 /* Constants.h */ = {isa = PBXFileReference; fileEncoding = 4; lastKnownFileType = sourcecode.c.h; name = Constants.h; path = "../../RICOH_THETA_SDK_for_iOS.0.3.0/ricoh-theta-sample-for-ios/ricoh-theta-sample-for-ios/Constants.h"; sourceTree = "<group>"; };
		44CD6E001AD8C2960001F5B3 /* UVSphere.h */ = {isa = PBXFileReference; fileEncoding = 4; lastKnownFileType = sourcecode.c.h; name = UVSphere.h; path = "../../RICOH_THETA_SDK_for_iOS.0.3.0/ricoh-theta-sample-for-ios/ricoh-theta-sample-for-ios/UVSphere.h"; sourceTree = "<group>"; };
		44CD6E031AD916580001F5B3 /* iAd.framework */ = {isa = PBXFileReference; lastKnownFileType = wrapper.framework; name = iAd.framework; path = System/Library/Frameworks/iAd.framework; sourceTree = SDKROOT; };
		44CD6E051AD94E440001F5B3 /* Azukid.h */ = {isa = PBXFileReference; lastKnownFileType = sourcecode.c.h; path = Azukid.h; sourceTree = "<group>"; };
		B9AD8F4C9E07E5512CAFF712 /* Pods.release.xcconfig */ = {isa = PBXFileReference; includeInIndex = 1; lastKnownFileType = text.xcconfig; name = Pods.release.xcconfig; path = "Pods/Target Support Files/Pods/Pods.release.xcconfig"; sourceTree = "<group>"; };
		D281DCA70D60157B97683C9B /* Pods.debug.xcconfig */ = {isa = PBXFileReference; includeInIndex = 1; lastKnownFileType = text.xcconfig; name = Pods.debug.xcconfig; path = "Pods/Target Support Files/Pods/Pods.debug.xcconfig"; sourceTree = "<group>"; };
		F72BE7B8DB0524CD2C36F399 /* libPods.a */ = {isa = PBXFileReference; explicitFileType = archive.ar; includeInIndex = 0; path = libPods.a; sourceTree = BUILT_PRODUCTS_DIR; };
/* End PBXFileReference section */

/* Begin PBXFrameworksBuildPhase section */
		44170C3A1ADF797A006E1C4B /* Frameworks */ = {
			isa = PBXFrameworksBuildPhase;
			buildActionMask = 2147483647;
			files = (
			);
			runOnlyForDeploymentPostprocessing = 0;
		};
		44A67B781AD39CF4002A826C /* Frameworks */ = {
			isa = PBXFrameworksBuildPhase;
			buildActionMask = 2147483647;
			files = (
				44907B3E1ADCCE870053294A /* WatchKit.framework in Frameworks */,
				44CD6E041AD916580001F5B3 /* iAd.framework in Frameworks */,
				44A67C5B1AD3BD3F002A826C /* libiconv.dylib in Frameworks */,
				44A67C591AD3BD29002A826C /* UIKit.framework in Frameworks */,
				44A67C571AD3BD1F002A826C /* ImageIO.framework in Frameworks */,
				44A67C551AD3BD0E002A826C /* Foundation.framework in Frameworks */,
				44A67C531AD3BCF5002A826C /* CoreGraphics.framework in Frameworks */,
				44A67C511AD3BCE9002A826C /* Accelerate.framework in Frameworks */,
				44A67C4F1AD3BCDE002A826C /* GLKit.framework in Frameworks */,
				44A67C4D1AD3BCD5002A826C /* OpenGLES.framework in Frameworks */,
				C013159E2F6CA5269C077B97 /* libPods.a in Frameworks */,
			);
			runOnlyForDeploymentPostprocessing = 0;
		};
		44A67B8F1AD39CF5002A826C /* Frameworks */ = {
			isa = PBXFrameworksBuildPhase;
			buildActionMask = 2147483647;
			files = (
			);
			runOnlyForDeploymentPostprocessing = 0;
		};
/* End PBXFrameworksBuildPhase section */

/* Begin PBXGroup section */
		1533ABB6AB8FEBD349877283 /* Pods */ = {
			isa = PBXGroup;
			children = (
				D281DCA70D60157B97683C9B /* Pods.debug.xcconfig */,
				B9AD8F4C9E07E5512CAFF712 /* Pods.release.xcconfig */,
			);
			name = Pods;
			sourceTree = "<group>";
		};
		44170C3E1ADF797A006E1C4B /* TheTama WatchKit Extension */ = {
			isa = PBXGroup;
			children = (
				44170C421ADF797A006E1C4B /* InterfaceController.swift */,
				44170C441ADF797A006E1C4B /* NotificationController.swift */,
				44170C461ADF797A006E1C4B /* GlanceController.swift */,
				44170C481ADF797A006E1C4B /* Images.xcassets */,
				44170C3F1ADF797A006E1C4B /* Supporting Files */,
			);
			path = "TheTama WatchKit Extension";
			sourceTree = "<group>";
		};
		44170C3F1ADF797A006E1C4B /* Supporting Files */ = {
			isa = PBXGroup;
			children = (
				44170C401ADF797A006E1C4B /* Info.plist */,
				44170C411ADF797A006E1C4B /* PushNotificationPayload.apns */,
			);
			name = "Supporting Files";
			sourceTree = "<group>";
		};
		44170C501ADF797A006E1C4B /* TheTama WatchKit App */ = {
			isa = PBXGroup;
			children = (
				44170C691ADF7B32006E1C4B /* Interface.storyboard */,
				44170C671ADF7B21006E1C4B /* Images.xcassets */,
				44170C511ADF797A006E1C4B /* Supporting Files */,
			);
			path = "TheTama WatchKit App";
			sourceTree = "<group>";
		};
		44170C511ADF797A006E1C4B /* Supporting Files */ = {
			isa = PBXGroup;
			children = (
				44170C6C1ADF7B40006E1C4B /* Info.plist */,
			);
			name = "Supporting Files";
			sourceTree = "<group>";
		};
		44A67B721AD39CF4002A826C = {
			isa = PBXGroup;
			children = (
				44A67C5C1AD3BDC1002A826C /* libs */,
				44A67B7D1AD39CF4002A826C /* TheTama */,
				44A67B951AD39CF5002A826C /* TheTamaTests */,
				44170C3E1ADF797A006E1C4B /* TheTama WatchKit Extension */,
				44170C501ADF797A006E1C4B /* TheTama WatchKit App */,
				44A67B7C1AD39CF4002A826C /* Products */,
				1533ABB6AB8FEBD349877283 /* Pods */,
				6929937500D07EF05976D9BE /* Frameworks */,
			);
			sourceTree = "<group>";
		};
		44A67B7C1AD39CF4002A826C /* Products */ = {
			isa = PBXGroup;
			children = (
				44A67B7B1AD39CF4002A826C /* TheTama.app */,
				44A67B921AD39CF5002A826C /* TheTamaTests.xctest */,
				44170C3D1ADF797A006E1C4B /* TheTama WatchKit Extension.appex */,
				44170C4C1ADF797A006E1C4B /* TheTama WatchKit App.app */,
			);
			name = Products;
			sourceTree = "<group>";
		};
		44A67B7D1AD39CF4002A826C /* TheTama */ = {
			isa = PBXGroup;
			children = (
				44CD6E021AD8C2AD0001F5B3 /* ricoh */,
				44CD6E051AD94E440001F5B3 /* Azukid.h */,
				44A67C4A1AD3BA9D002A826C /* PtpObject.h */,
				44A67C491AD3BA9D002A826C /* PtpObject.m */,
				44A67C601AD433F9002A826C /* DataObject.swift */,
				44A67B801AD39CF4002A826C /* AppDelegate.swift */,
				44A67B861AD39CF4002A826C /* Main.storyboard */,
				44A67B891AD39CF4002A826C /* Images.xcassets */,
				44A67B8B1AD39CF5002A826C /* LaunchScreen.xib */,
				44A67B7E1AD39CF4002A826C /* Supporting Files */,
				44A67BAE1AD3B27B002A826C /* TheTama-Bridging-Header.h */,
				44CD6DF21AD81B760001F5B3 /* ConnectViewController.h */,
				44CD6DF11AD81B760001F5B3 /* ConnectViewController.m */,
				44B4EA601AD3E26900DE5C7E /* CaptureViewController.h */,
				44B4EA611AD3E26900DE5C7E /* CaptureViewController.m */,
				44A67C6A1AD5AA1A002A826C /* ListViewController.h */,
				44A67C691AD5AA1A002A826C /* ListViewController.m */,
				44A67C621AD4A1B8002A826C /* TableCellTama.h */,
				44A67C631AD4A1B8002A826C /* TableCellTama.m */,
				44A67C5D1AD3E305002A826C /* ViewerViewController.h */,
				44A67C5E1AD3E305002A826C /* ViewerViewController.m */,
			);
			path = TheTama;
			sourceTree = "<group>";
		};
		44A67B7E1AD39CF4002A826C /* Supporting Files */ = {
			isa = PBXGroup;
			children = (
				44A67B7F1AD39CF4002A826C /* Info.plist */,
			);
			name = "Supporting Files";
			sourceTree = "<group>";
		};
		44A67B951AD39CF5002A826C /* TheTamaTests */ = {
			isa = PBXGroup;
			children = (
				44A67B981AD39CF5002A826C /* TheTamaTests.swift */,
				44A67B961AD39CF5002A826C /* Supporting Files */,
			);
			path = TheTamaTests;
			sourceTree = "<group>";
		};
		44A67B961AD39CF5002A826C /* Supporting Files */ = {
			isa = PBXGroup;
			children = (
				44A67B971AD39CF5002A826C /* Info.plist */,
			);
			name = "Supporting Files";
			sourceTree = "<group>";
		};
		44A67BB31AD3B5DF002A826C /* ricoh-libs */ = {
			isa = PBXGroup;
			children = (
				44A67BD01AD3B5DF002A826C /* lib-r-exif */,
				44A67BD81AD3B5E0002A826C /* lib-ricoh-theta */,
				44A67C091AD3B5E0002A826C /* lib-ricoh-theta_serializer */,
			);
			name = "ricoh-libs";
			path = TheTama/lib;
			sourceTree = "<group>";
		};
		44A67BD01AD3B5DF002A826C /* lib-r-exif */ = {
			isa = PBXGroup;
			children = (
				44A67BD11AD3B5DF002A826C /* ExifRawData.h */,
				44A67BD21AD3B5E0002A826C /* ExifRawData.mm */,
				44A67BD31AD3B5E0002A826C /* ExifTags.h */,
				44A67BD41AD3B5E0002A826C /* ExifTags.m */,
				44A67BD61AD3B5E0002A826C /* RicohEXIF.h */,
				44A67BD71AD3B5E0002A826C /* RicohEXIF.mm */,
			);
			path = "lib-r-exif";
			sourceTree = "<group>";
		};
		44A67BD81AD3B5E0002A826C /* lib-ricoh-theta */ = {
			isa = PBXGroup;
			children = (
				44A67BD91AD3B5E0002A826C /* liblogger */,
				44A67BE11AD3B5E0002A826C /* libptpip */,
				44A67C081AD3B5E0002A826C /* README */,
			);
			path = "lib-ricoh-theta";
			sourceTree = "<group>";
		};
		44A67BD91AD3B5E0002A826C /* liblogger */ = {
			isa = PBXGroup;
			children = (
				44A67BDA1AD3B5E0002A826C /* LibLogging.h */,
				44A67BDB1AD3B5E0002A826C /* LibLogging.mm */,
				44A67BDC1AD3B5E0002A826C /* logger.cpp */,
				44A67BDD1AD3B5E0002A826C /* logger.h */,
				44A67BDE1AD3B5E0002A826C /* ObjcLogger+Extension.h */,
				44A67BDF1AD3B5E0002A826C /* ObjcLogger.h */,
				44A67BE01AD3B5E0002A826C /* ObjcLogger.mm */,
			);
			path = liblogger;
			sourceTree = "<group>";
		};
		44A67BE11AD3B5E0002A826C /* libptpip */ = {
			isa = PBXGroup;
			children = (
				44A67BE21AD3B5E0002A826C /* basictypes.cpp */,
				44A67BE31AD3B5E0002A826C /* basictypes.h */,
				44A67BE41AD3B5E0002A826C /* bufferedsock.cpp */,
				44A67BE51AD3B5E0002A826C /* bufferedsock.h */,
				44A67BE61AD3B5E0002A826C /* bytestream.cpp */,
				44A67BE71AD3B5E0002A826C /* bytestream.h */,
				44A67BE81AD3B5E0002A826C /* codes.h */,
				44A67BE91AD3B5E0002A826C /* codes_c.h */,
				44A67BEA1AD3B5E0002A826C /* exceptions.cpp */,
				44A67BEB1AD3B5E0002A826C /* exceptions.h */,
				44A67BEC1AD3B5E0002A826C /* int128_t.cpp */,
				44A67BED1AD3B5E0002A826C /* int128_t.h */,
				44A67BEE1AD3B5E0002A826C /* ptp_packets.cpp */,
				44A67BEF1AD3B5E0002A826C /* ptp_packets.h */,
				44A67BF01AD3B5E0002A826C /* ptpip.cpp */,
				44A67BF11AD3B5E0002A826C /* ptpip.h */,
				44A67BF21AD3B5E0002A826C /* ptpip_impl.cpp */,
				44A67BF31AD3B5E0002A826C /* ptpip_packets.cpp */,
				44A67BF41AD3B5E0002A826C /* ptpip_packets.h */,
				44A67BF51AD3B5E0002A826C /* ptpip_packets_impl.cpp */,
				44A67BF61AD3B5E0002A826C /* PtpIpDeviceInfo.h */,
				44A67BF71AD3B5E0002A826C /* PtpIpDeviceInfo.mm */,
				44A67BF81AD3B5E0002A826C /* PtpIpDevicePropDesc.h */,
				44A67BF91AD3B5E0002A826C /* PtpIpDevicePropDesc.mm */,
				44A67BFA1AD3B5E0002A826C /* PtpIpInitiator.h */,
				44A67BFB1AD3B5E0002A826C /* PtpIpInitiator.mm */,
				44A67BFC1AD3B5E0002A826C /* PtpIpObjectContainer.h */,
				44A67BFD1AD3B5E0002A826C /* PtpIpObjectContainer.mm */,
				44A67BFE1AD3B5E0002A826C /* PtpIpObjectInfo.h */,
				44A67BFF1AD3B5E0002A826C /* PtpIpObjectInfo.mm */,
				44A67C001AD3B5E0002A826C /* PtpIpSession+dcf.h */,
				44A67C011AD3B5E0002A826C /* PtpIpSession+dcf.mm */,
				44A67C021AD3B5E0002A826C /* PtpIpSession.h */,
				44A67C031AD3B5E0002A826C /* PtpIpSession.mm */,
				44A67C041AD3B5E0002A826C /* PtpIpStorageInfo.h */,
				44A67C051AD3B5E0002A826C /* PtpIpStorageInfo.mm */,
				44A67C061AD3B5E0002A826C /* variant.cpp */,
				44A67C071AD3B5E0002A826C /* variant.h */,
			);
			path = libptpip;
			sourceTree = "<group>";
		};
		44A67C091AD3B5E0002A826C /* lib-ricoh-theta_serializer */ = {
			isa = PBXGroup;
			children = (
				44A67C0A1AD3B5E0002A826C /* PtpConnection+Extension.h */,
				44A67C0B1AD3B5E0002A826C /* PtpConnection.h */,
				44A67C0C1AD3B5E0002A826C /* PtpConnection.m */,
				44A67C0D1AD3B5E0002A826C /* PtpLogging.h */,
				44A67C0E1AD3B5E0002A826C /* PtpLogging.mm */,
				44A67C0F1AD3B5E0002A826C /* PtpOperator.h */,
				44A67C101AD3B5E0002A826C /* PtpOperator.m */,
				44A67C111AD3B5E0002A826C /* README */,
			);
			path = "lib-ricoh-theta_serializer";
			sourceTree = "<group>";
		};
		44A67C5C1AD3BDC1002A826C /* libs */ = {
			isa = PBXGroup;
			children = (
				44A67BB31AD3B5DF002A826C /* ricoh-libs */,
			);
			name = libs;
			sourceTree = "<group>";
		};
		44CD6E021AD8C2AD0001F5B3 /* ricoh */ = {
			isa = PBXGroup;
			children = (
				44CD6DFF1AD8C2960001F5B3 /* Constants.h */,
				44CD6E001AD8C2960001F5B3 /* UVSphere.h */,
				44CD6DFE1AD8C2960001F5B3 /* UVSphere.m */,
				44CD6DFB1AD8B4DB0001F5B3 /* GLRenderView.h */,
				44CD6DF81AD8B4DB0001F5B3 /* GLRenderView.m */,
				44CD6DFA1AD8B4DB0001F5B3 /* glkViewController.h */,
				44CD6DF91AD8B4DB0001F5B3 /* glkViewController.m */,
			);
			name = ricoh;
			sourceTree = "<group>";
		};
		6929937500D07EF05976D9BE /* Frameworks */ = {
			isa = PBXGroup;
			children = (
				44907B3C1ADCCDF20053294A /* WatchKit.framework */,
				44CD6E031AD916580001F5B3 /* iAd.framework */,
				44A67C5A1AD3BD3F002A826C /* libiconv.dylib */,
				44A67C581AD3BD29002A826C /* UIKit.framework */,
				44A67C561AD3BD1F002A826C /* ImageIO.framework */,
				44A67C541AD3BD0E002A826C /* Foundation.framework */,
				44A67C521AD3BCF5002A826C /* CoreGraphics.framework */,
				44A67C501AD3BCE9002A826C /* Accelerate.framework */,
				44A67C4E1AD3BCDE002A826C /* GLKit.framework */,
				44A67C4C1AD3BCD5002A826C /* OpenGLES.framework */,
				F72BE7B8DB0524CD2C36F399 /* libPods.a */,
			);
			name = Frameworks;
			sourceTree = "<group>";
		};
/* End PBXGroup section */

/* Begin PBXNativeTarget section */
		44170C3C1ADF797A006E1C4B /* TheTama WatchKit Extension */ = {
			isa = PBXNativeTarget;
			buildConfigurationList = 44170C5E1ADF797B006E1C4B /* Build configuration list for PBXNativeTarget "TheTama WatchKit Extension" */;
			buildPhases = (
				44170C391ADF797A006E1C4B /* Sources */,
				44170C3A1ADF797A006E1C4B /* Frameworks */,
				44170C3B1ADF797A006E1C4B /* Resources */,
			);
			buildRules = (
			);
			dependencies = (
				44170C4F1ADF797A006E1C4B /* PBXTargetDependency */,
			);
			name = "TheTama WatchKit Extension";
			productName = "TheTama WatchKit Extension";
			productReference = 44170C3D1ADF797A006E1C4B /* TheTama WatchKit Extension.appex */;
			productType = "com.apple.product-type.watchkit-extension";
		};
		44170C4B1ADF797A006E1C4B /* TheTama WatchKit App */ = {
			isa = PBXNativeTarget;
			buildConfigurationList = 44170C5B1ADF797B006E1C4B /* Build configuration list for PBXNativeTarget "TheTama WatchKit App" */;
			buildPhases = (
				44170C4A1ADF797A006E1C4B /* Resources */,
			);
			buildRules = (
			);
			dependencies = (
			);
			name = "TheTama WatchKit App";
			productName = "TheTama WatchKit App";
			productReference = 44170C4C1ADF797A006E1C4B /* TheTama WatchKit App.app */;
			productType = "com.apple.product-type.application.watchapp";
		};
		44A67B7A1AD39CF4002A826C /* TheTama */ = {
			isa = PBXNativeTarget;
			buildConfigurationList = 44A67B9C1AD39CF5002A826C /* Build configuration list for PBXNativeTarget "TheTama" */;
			buildPhases = (
				09E887D0953C4BEC936EECA3 /* Check Pods Manifest.lock */,
				44A67B771AD39CF4002A826C /* Sources */,
				44A67B781AD39CF4002A826C /* Frameworks */,
				44A67B791AD39CF4002A826C /* Resources */,
				15A2B762CADA9ED7642EBA6F /* Copy Pods Resources */,
				44907B3B1ADCCA670053294A /* Embed App Extensions */,
			);
			buildRules = (
			);
			dependencies = (
				44170C591ADF797B006E1C4B /* PBXTargetDependency */,
			);
			name = TheTama;
			productName = TheTama;
			productReference = 44A67B7B1AD39CF4002A826C /* TheTama.app */;
			productType = "com.apple.product-type.application";
		};
		44A67B911AD39CF5002A826C /* TheTamaTests */ = {
			isa = PBXNativeTarget;
			buildConfigurationList = 44A67B9F1AD39CF5002A826C /* Build configuration list for PBXNativeTarget "TheTamaTests" */;
			buildPhases = (
				44A67B8E1AD39CF5002A826C /* Sources */,
				44A67B8F1AD39CF5002A826C /* Frameworks */,
				44A67B901AD39CF5002A826C /* Resources */,
			);
			buildRules = (
			);
			dependencies = (
				44A67B941AD39CF5002A826C /* PBXTargetDependency */,
			);
			name = TheTamaTests;
			productName = TheTamaTests;
			productReference = 44A67B921AD39CF5002A826C /* TheTamaTests.xctest */;
			productType = "com.apple.product-type.bundle.unit-test";
		};
/* End PBXNativeTarget section */

/* Begin PBXProject section */
		44A67B731AD39CF4002A826C /* Project object */ = {
			isa = PBXProject;
			attributes = {
				LastUpgradeCheck = 0620;
				ORGANIZATIONNAME = Azukid;
				TargetAttributes = {
					44170C3C1ADF797A006E1C4B = {
						CreatedOnToolsVersion = 6.3;
						DevelopmentTeam = 5C2UYK6F45;
					};
					44170C4B1ADF797A006E1C4B = {
						CreatedOnToolsVersion = 6.3;
						DevelopmentTeam = 5C2UYK6F45;
					};
					44A67B7A1AD39CF4002A826C = {
						CreatedOnToolsVersion = 6.2;
						DevelopmentTeam = 5C2UYK6F45;
					};
					44A67B911AD39CF5002A826C = {
						CreatedOnToolsVersion = 6.2;
						TestTargetID = 44A67B7A1AD39CF4002A826C;
					};
				};
			};
			buildConfigurationList = 44A67B761AD39CF4002A826C /* Build configuration list for PBXProject "TheTama" */;
			compatibilityVersion = "Xcode 3.2";
			developmentRegion = English;
			hasScannedForEncodings = 0;
			knownRegions = (
				en,
				Base,
			);
			mainGroup = 44A67B721AD39CF4002A826C;
			productRefGroup = 44A67B7C1AD39CF4002A826C /* Products */;
			projectDirPath = "";
			projectRoot = "";
			targets = (
				44A67B7A1AD39CF4002A826C /* TheTama */,
				44A67B911AD39CF5002A826C /* TheTamaTests */,
				44170C3C1ADF797A006E1C4B /* TheTama WatchKit Extension */,
				44170C4B1ADF797A006E1C4B /* TheTama WatchKit App */,
			);
		};
/* End PBXProject section */

/* Begin PBXResourcesBuildPhase section */
		44170C3B1ADF797A006E1C4B /* Resources */ = {
			isa = PBXResourcesBuildPhase;
			buildActionMask = 2147483647;
			files = (
				44170C491ADF797A006E1C4B /* Images.xcassets in Resources */,
				44170C4D1ADF797A006E1C4B /* TheTama WatchKit App.app in Resources */,
			);
			runOnlyForDeploymentPostprocessing = 0;
		};
		44170C4A1ADF797A006E1C4B /* Resources */ = {
			isa = PBXResourcesBuildPhase;
			buildActionMask = 2147483647;
			files = (
				44170C681ADF7B21006E1C4B /* Images.xcassets in Resources */,
				44170C6B1ADF7B32006E1C4B /* Interface.storyboard in Resources */,
				44170C6D1ADF7B40006E1C4B /* Info.plist in Resources */,
			);
			runOnlyForDeploymentPostprocessing = 0;
		};
		44A67B791AD39CF4002A826C /* Resources */ = {
			isa = PBXResourcesBuildPhase;
			buildActionMask = 2147483647;
			files = (
				44A67B881AD39CF4002A826C /* Main.storyboard in Resources */,
				44A67B8D1AD39CF5002A826C /* LaunchScreen.xib in Resources */,
				44A67B8A1AD39CF4002A826C /* Images.xcassets in Resources */,
			);
			runOnlyForDeploymentPostprocessing = 0;
		};
		44A67B901AD39CF5002A826C /* Resources */ = {
			isa = PBXResourcesBuildPhase;
			buildActionMask = 2147483647;
			files = (
			);
			runOnlyForDeploymentPostprocessing = 0;
		};
/* End PBXResourcesBuildPhase section */

/* Begin PBXShellScriptBuildPhase section */
		09E887D0953C4BEC936EECA3 /* Check Pods Manifest.lock */ = {
			isa = PBXShellScriptBuildPhase;
			buildActionMask = 2147483647;
			files = (
			);
			inputPaths = (
			);
			name = "Check Pods Manifest.lock";
			outputPaths = (
			);
			runOnlyForDeploymentPostprocessing = 0;
			shellPath = /bin/sh;
			shellScript = "diff \"${PODS_ROOT}/../Podfile.lock\" \"${PODS_ROOT}/Manifest.lock\" > /dev/null\nif [[ $? != 0 ]] ; then\n    cat << EOM\nerror: The sandbox is not in sync with the Podfile.lock. Run 'pod install' or update your CocoaPods installation.\nEOM\n    exit 1\nfi\n";
			showEnvVarsInLog = 0;
		};
		15A2B762CADA9ED7642EBA6F /* Copy Pods Resources */ = {
			isa = PBXShellScriptBuildPhase;
			buildActionMask = 2147483647;
			files = (
			);
			inputPaths = (
			);
			name = "Copy Pods Resources";
			outputPaths = (
			);
			runOnlyForDeploymentPostprocessing = 0;
			shellPath = /bin/sh;
			shellScript = "\"${SRCROOT}/Pods/Target Support Files/Pods/Pods-resources.sh\"\n";
			showEnvVarsInLog = 0;
		};
/* End PBXShellScriptBuildPhase section */

/* Begin PBXSourcesBuildPhase section */
		44170C391ADF797A006E1C4B /* Sources */ = {
			isa = PBXSourcesBuildPhase;
			buildActionMask = 2147483647;
			files = (
				44170C451ADF797A006E1C4B /* NotificationController.swift in Sources */,
				44170C431ADF797A006E1C4B /* InterfaceController.swift in Sources */,
				44170C471ADF797A006E1C4B /* GlanceController.swift in Sources */,
			);
			runOnlyForDeploymentPostprocessing = 0;
		};
		44A67B771AD39CF4002A826C /* Sources */ = {
			isa = PBXSourcesBuildPhase;
			buildActionMask = 2147483647;
			files = (
				44A67C2F1AD3B5E0002A826C /* basictypes.cpp in Sources */,
				44A67C401AD3B5E0002A826C /* PtpIpStorageInfo.mm in Sources */,
				44A67C361AD3B5E0002A826C /* ptpip_impl.cpp in Sources */,
				44A67C371AD3B5E0002A826C /* ptpip_packets.cpp in Sources */,
				44A67C291AD3B5E0002A826C /* ExifTags.m in Sources */,
				44A67C311AD3B5E0002A826C /* bytestream.cpp in Sources */,
				44A67C3C1AD3B5E0002A826C /* PtpIpObjectContainer.mm in Sources */,
				44A67C451AD3B5E0002A826C /* PtpOperator.m in Sources */,
				44A67C281AD3B5E0002A826C /* ExifRawData.mm in Sources */,
				44B4EA621AD3E26900DE5C7E /* CaptureViewController.m in Sources */,
				44A67C3D1AD3B5E0002A826C /* PtpIpObjectInfo.mm in Sources */,
				44A67C431AD3B5E0002A826C /* PtpConnection.m in Sources */,
				44A67C4B1AD3BA9D002A826C /* PtpObject.m in Sources */,
				44A67C6B1AD5AA1A002A826C /* ListViewController.m in Sources */,
				44A67C381AD3B5E0002A826C /* ptpip_packets_impl.cpp in Sources */,
				44A67C3E1AD3B5E0002A826C /* PtpIpSession+dcf.mm in Sources */,
				44A67C321AD3B5E0002A826C /* exceptions.cpp in Sources */,
				44CD6E011AD8C2960001F5B3 /* UVSphere.m in Sources */,
				44A67C331AD3B5E0002A826C /* int128_t.cpp in Sources */,
				44A67C641AD4A1B9002A826C /* TableCellTama.m in Sources */,
				44A67C611AD433F9002A826C /* DataObject.swift in Sources */,
				44A67C441AD3B5E0002A826C /* PtpLogging.mm in Sources */,
				44A67C351AD3B5E0002A826C /* ptpip.cpp in Sources */,
				44A67C3B1AD3B5E0002A826C /* PtpIpInitiator.mm in Sources */,
				44CD6DFD1AD8B4DB0001F5B3 /* glkViewController.m in Sources */,
				44A67C2E1AD3B5E0002A826C /* ObjcLogger.mm in Sources */,
				44A67C3F1AD3B5E0002A826C /* PtpIpSession.mm in Sources */,
				44A67C2D1AD3B5E0002A826C /* logger.cpp in Sources */,
				44A67C3A1AD3B5E0002A826C /* PtpIpDevicePropDesc.mm in Sources */,
				44CD6DFC1AD8B4DB0001F5B3 /* GLRenderView.m in Sources */,
				44A67C2C1AD3B5E0002A826C /* LibLogging.mm in Sources */,
				44A67B811AD39CF4002A826C /* AppDelegate.swift in Sources */,
				44A67C301AD3B5E0002A826C /* bufferedsock.cpp in Sources */,
				44A67C2B1AD3B5E0002A826C /* RicohEXIF.mm in Sources */,
				44CD6DF31AD81B760001F5B3 /* ConnectViewController.m in Sources */,
				44A67C341AD3B5E0002A826C /* ptp_packets.cpp in Sources */,
				44A67C411AD3B5E0002A826C /* variant.cpp in Sources */,
				44A67C5F1AD3E305002A826C /* ViewerViewController.m in Sources */,
				44A67C391AD3B5E0002A826C /* PtpIpDeviceInfo.mm in Sources */,
			);
			runOnlyForDeploymentPostprocessing = 0;
		};
		44A67B8E1AD39CF5002A826C /* Sources */ = {
			isa = PBXSourcesBuildPhase;
			buildActionMask = 2147483647;
			files = (
				44A67B991AD39CF5002A826C /* TheTamaTests.swift in Sources */,
			);
			runOnlyForDeploymentPostprocessing = 0;
		};
/* End PBXSourcesBuildPhase section */

/* Begin PBXTargetDependency section */
		44170C4F1ADF797A006E1C4B /* PBXTargetDependency */ = {
			isa = PBXTargetDependency;
			target = 44170C4B1ADF797A006E1C4B /* TheTama WatchKit App */;
			targetProxy = 44170C4E1ADF797A006E1C4B /* PBXContainerItemProxy */;
		};
		44170C591ADF797B006E1C4B /* PBXTargetDependency */ = {
			isa = PBXTargetDependency;
			target = 44170C3C1ADF797A006E1C4B /* TheTama WatchKit Extension */;
			targetProxy = 44170C581ADF797B006E1C4B /* PBXContainerItemProxy */;
		};
		44A67B941AD39CF5002A826C /* PBXTargetDependency */ = {
			isa = PBXTargetDependency;
			target = 44A67B7A1AD39CF4002A826C /* TheTama */;
			targetProxy = 44A67B931AD39CF5002A826C /* PBXContainerItemProxy */;
		};
/* End PBXTargetDependency section */

/* Begin PBXVariantGroup section */
		44170C691ADF7B32006E1C4B /* Interface.storyboard */ = {
			isa = PBXVariantGroup;
			children = (
				44170C6A1ADF7B32006E1C4B /* Base */,
			);
			name = Interface.storyboard;
			sourceTree = "<group>";
		};
		44A67B861AD39CF4002A826C /* Main.storyboard */ = {
			isa = PBXVariantGroup;
			children = (
				44A67B871AD39CF4002A826C /* Base */,
				44CD6DF51AD8454F0001F5B3 /* ja */,
				44CD6DF71AD8459D0001F5B3 /* en */,
			);
			name = Main.storyboard;
			sourceTree = "<group>";
		};
		44A67B8B1AD39CF5002A826C /* LaunchScreen.xib */ = {
			isa = PBXVariantGroup;
			children = (
				44A67B8C1AD39CF5002A826C /* Base */,
				44A67C661AD52F25002A826C /* ja */,
			);
			name = LaunchScreen.xib;
			sourceTree = "<group>";
		};
/* End PBXVariantGroup section */

/* Begin XCBuildConfiguration section */
		44170C5C1ADF797B006E1C4B /* Debug */ = {
			isa = XCBuildConfiguration;
			buildSettings = {
				ASSETCATALOG_COMPILER_APPICON_NAME = AppIcon;
				CODE_SIGN_IDENTITY = "iPhone Developer";
				DEBUG_INFORMATION_FORMAT = "dwarf-with-dsym";
				GCC_NO_COMMON_BLOCKS = YES;
				GCC_PREPROCESSOR_DEFINITIONS = (
					"DEBUG=1",
					"$(inherited)",
				);
				IBSC_MODULE = TheTama_WatchKit_Extension;
				INFOPLIST_FILE = "TheTama WatchKit App/Info.plist";
				IPHONEOS_DEPLOYMENT_TARGET = 8.2;
				PRODUCT_NAME = "$(TARGET_NAME)";
				SKIP_INSTALL = YES;
				TARGETED_DEVICE_FAMILY = 4;
				"TARGETED_DEVICE_FAMILY[sdk=iphonesimulator*]" = "1,4";
			};
			name = Debug;
		};
		44170C5D1ADF797B006E1C4B /* Release */ = {
			isa = XCBuildConfiguration;
			buildSettings = {
				ASSETCATALOG_COMPILER_APPICON_NAME = AppIcon;
				CODE_SIGN_IDENTITY = "iPhone Developer";
				DEBUG_INFORMATION_FORMAT = "dwarf-with-dsym";
				GCC_NO_COMMON_BLOCKS = YES;
				IBSC_MODULE = TheTama_WatchKit_Extension;
				INFOPLIST_FILE = "TheTama WatchKit App/Info.plist";
				IPHONEOS_DEPLOYMENT_TARGET = 8.2;
				PRODUCT_NAME = "$(TARGET_NAME)";
				SKIP_INSTALL = YES;
				TARGETED_DEVICE_FAMILY = 4;
				"TARGETED_DEVICE_FAMILY[sdk=iphonesimulator*]" = "1,4";
			};
			name = Release;
		};
		44170C5F1ADF797B006E1C4B /* Debug */ = {
			isa = XCBuildConfiguration;
			buildSettings = {
				CODE_SIGN_IDENTITY = "iPhone Developer";
				DEBUG_INFORMATION_FORMAT = "dwarf-with-dsym";
				GCC_NO_COMMON_BLOCKS = YES;
				GCC_PREPROCESSOR_DEFINITIONS = (
					"DEBUG=1",
					"$(inherited)",
				);
				INFOPLIST_FILE = "TheTama WatchKit Extension/Info.plist";
				IPHONEOS_DEPLOYMENT_TARGET = 8.2;
				LD_RUNPATH_SEARCH_PATHS = "$(inherited) @executable_path/Frameworks @executable_path/../../Frameworks";
				PRODUCT_NAME = "${TARGET_NAME}";
				SKIP_INSTALL = YES;
			};
			name = Debug;
		};
		44170C601ADF797B006E1C4B /* Release */ = {
			isa = XCBuildConfiguration;
			buildSettings = {
				CODE_SIGN_IDENTITY = "iPhone Developer";
				DEBUG_INFORMATION_FORMAT = "dwarf-with-dsym";
				GCC_NO_COMMON_BLOCKS = YES;
				INFOPLIST_FILE = "TheTama WatchKit Extension/Info.plist";
				IPHONEOS_DEPLOYMENT_TARGET = 8.2;
				LD_RUNPATH_SEARCH_PATHS = "$(inherited) @executable_path/Frameworks @executable_path/../../Frameworks";
				PRODUCT_NAME = "${TARGET_NAME}";
				SKIP_INSTALL = YES;
			};
			name = Release;
		};
		44A67B9A1AD39CF5002A826C /* Debug */ = {
			isa = XCBuildConfiguration;
			buildSettings = {
				ALWAYS_SEARCH_USER_PATHS = NO;
				CLANG_CXX_LANGUAGE_STANDARD = "gnu++0x";
				CLANG_CXX_LIBRARY = "libc++";
				CLANG_ENABLE_MODULES = YES;
				CLANG_ENABLE_OBJC_ARC = YES;
				CLANG_WARN_BOOL_CONVERSION = YES;
				CLANG_WARN_CONSTANT_CONVERSION = YES;
				CLANG_WARN_DIRECT_OBJC_ISA_USAGE = YES_ERROR;
				CLANG_WARN_EMPTY_BODY = YES;
				CLANG_WARN_ENUM_CONVERSION = YES;
				CLANG_WARN_INT_CONVERSION = YES;
				CLANG_WARN_OBJC_ROOT_CLASS = YES_ERROR;
				CLANG_WARN_UNREACHABLE_CODE = YES;
				CLANG_WARN__DUPLICATE_METHOD_MATCH = YES;
				"CODE_SIGN_IDENTITY[sdk=iphoneos*]" = "iPhone Developer";
				COPY_PHASE_STRIP = NO;
				ENABLE_STRICT_OBJC_MSGSEND = YES;
				GCC_C_LANGUAGE_STANDARD = gnu99;
				GCC_DYNAMIC_NO_PIC = NO;
				GCC_OPTIMIZATION_LEVEL = 0;
				GCC_PREPROCESSOR_DEFINITIONS = (
					"DEBUG=1",
					"$(inherited)",
				);
				GCC_SYMBOLS_PRIVATE_EXTERN = NO;
				GCC_WARN_64_TO_32_BIT_CONVERSION = YES;
				GCC_WARN_ABOUT_RETURN_TYPE = YES_ERROR;
				GCC_WARN_UNDECLARED_SELECTOR = YES;
				GCC_WARN_UNINITIALIZED_AUTOS = YES_AGGRESSIVE;
				GCC_WARN_UNUSED_FUNCTION = YES;
				GCC_WARN_UNUSED_VARIABLE = YES;
				IPHONEOS_DEPLOYMENT_TARGET = 8.2;
				MTL_ENABLE_DEBUG_INFO = YES;
				ONLY_ACTIVE_ARCH = YES;
				SDKROOT = iphoneos;
				SWIFT_OPTIMIZATION_LEVEL = "-Onone";
			};
			name = Debug;
		};
		44A67B9B1AD39CF5002A826C /* Release */ = {
			isa = XCBuildConfiguration;
			buildSettings = {
				ALWAYS_SEARCH_USER_PATHS = NO;
				CLANG_CXX_LANGUAGE_STANDARD = "gnu++0x";
				CLANG_CXX_LIBRARY = "libc++";
				CLANG_ENABLE_MODULES = YES;
				CLANG_ENABLE_OBJC_ARC = YES;
				CLANG_WARN_BOOL_CONVERSION = YES;
				CLANG_WARN_CONSTANT_CONVERSION = YES;
				CLANG_WARN_DIRECT_OBJC_ISA_USAGE = YES_ERROR;
				CLANG_WARN_EMPTY_BODY = YES;
				CLANG_WARN_ENUM_CONVERSION = YES;
				CLANG_WARN_INT_CONVERSION = YES;
				CLANG_WARN_OBJC_ROOT_CLASS = YES_ERROR;
				CLANG_WARN_UNREACHABLE_CODE = YES;
				CLANG_WARN__DUPLICATE_METHOD_MATCH = YES;
				"CODE_SIGN_IDENTITY[sdk=iphoneos*]" = "iPhone Developer";
				COPY_PHASE_STRIP = NO;
				ENABLE_NS_ASSERTIONS = NO;
				ENABLE_STRICT_OBJC_MSGSEND = YES;
				GCC_C_LANGUAGE_STANDARD = gnu99;
				GCC_WARN_64_TO_32_BIT_CONVERSION = YES;
				GCC_WARN_ABOUT_RETURN_TYPE = YES_ERROR;
				GCC_WARN_UNDECLARED_SELECTOR = YES;
				GCC_WARN_UNINITIALIZED_AUTOS = YES_AGGRESSIVE;
				GCC_WARN_UNUSED_FUNCTION = YES;
				GCC_WARN_UNUSED_VARIABLE = YES;
				IPHONEOS_DEPLOYMENT_TARGET = 8.2;
				MTL_ENABLE_DEBUG_INFO = NO;
				SDKROOT = iphoneos;
				VALIDATE_PRODUCT = YES;
			};
			name = Release;
		};
		44A67B9D1AD39CF5002A826C /* Debug */ = {
			isa = XCBuildConfiguration;
			baseConfigurationReference = D281DCA70D60157B97683C9B /* Pods.debug.xcconfig */;
			buildSettings = {
				ASSETCATALOG_COMPILER_APPICON_NAME = AppIcon;
				ASSETCATALOG_COMPILER_LAUNCHIMAGE_NAME = LaunchImage;
				CLANG_ENABLE_MODULES = YES;
				CODE_SIGN_IDENTITY = "iPhone Developer";
				INFOPLIST_FILE = TheTama/Info.plist;
				IPHONEOS_DEPLOYMENT_TARGET = 8.2;
				LD_RUNPATH_SEARCH_PATHS = "$(inherited) @executable_path/Frameworks";
				PRODUCT_NAME = "$(TARGET_NAME)";
				SWIFT_OBJC_BRIDGING_HEADER = "TheTama/TheTama-Bridging-Header.h";
				SWIFT_OPTIMIZATION_LEVEL = "-Onone";
				VALID_ARCHS = "arm64 armv7s armv7";
			};
			name = Debug;
		};
		44A67B9E1AD39CF5002A826C /* Release */ = {
			isa = XCBuildConfiguration;
			baseConfigurationReference = B9AD8F4C9E07E5512CAFF712 /* Pods.release.xcconfig */;
			buildSettings = {
				ASSETCATALOG_COMPILER_APPICON_NAME = AppIcon;
				ASSETCATALOG_COMPILER_LAUNCHIMAGE_NAME = LaunchImage;
				CLANG_ENABLE_MODULES = YES;
				CODE_SIGN_IDENTITY = "iPhone Developer";
				INFOPLIST_FILE = TheTama/Info.plist;
				IPHONEOS_DEPLOYMENT_TARGET = 8.2;
				LD_RUNPATH_SEARCH_PATHS = "$(inherited) @executable_path/Frameworks";
				PRODUCT_NAME = "$(TARGET_NAME)";
				SWIFT_OBJC_BRIDGING_HEADER = "TheTama/TheTama-Bridging-Header.h";
				VALID_ARCHS = "arm64 armv7s armv7";
			};
			name = Release;
		};
		44A67BA01AD39CF5002A826C /* Debug */ = {
			isa = XCBuildConfiguration;
			buildSettings = {
				BUNDLE_LOADER = "$(TEST_HOST)";
				FRAMEWORK_SEARCH_PATHS = (
					"$(SDKROOT)/Developer/Library/Frameworks",
					"$(inherited)",
				);
				GCC_PREPROCESSOR_DEFINITIONS = (
					"DEBUG=1",
					"$(inherited)",
				);
				INFOPLIST_FILE = TheTamaTests/Info.plist;
				LD_RUNPATH_SEARCH_PATHS = "$(inherited) @executable_path/Frameworks @loader_path/Frameworks";
				PRODUCT_NAME = "$(TARGET_NAME)";
				TEST_HOST = "$(BUILT_PRODUCTS_DIR)/TheTama.app/TheTama";
			};
			name = Debug;
		};
		44A67BA11AD39CF5002A826C /* Release */ = {
			isa = XCBuildConfiguration;
			buildSettings = {
				BUNDLE_LOADER = "$(TEST_HOST)";
				FRAMEWORK_SEARCH_PATHS = (
					"$(SDKROOT)/Developer/Library/Frameworks",
					"$(inherited)",
				);
				INFOPLIST_FILE = TheTamaTests/Info.plist;
				LD_RUNPATH_SEARCH_PATHS = "$(inherited) @executable_path/Frameworks @loader_path/Frameworks";
				PRODUCT_NAME = "$(TARGET_NAME)";
				TEST_HOST = "$(BUILT_PRODUCTS_DIR)/TheTama.app/TheTama";
			};
			name = Release;
		};
/* End XCBuildConfiguration section */

/* Begin XCConfigurationList section */
		44170C5B1ADF797B006E1C4B /* Build configuration list for PBXNativeTarget "TheTama WatchKit App" */ = {
			isa = XCConfigurationList;
			buildConfigurations = (
				44170C5C1ADF797B006E1C4B /* Debug */,
				44170C5D1ADF797B006E1C4B /* Release */,
			);
			defaultConfigurationIsVisible = 0;
		};
		44170C5E1ADF797B006E1C4B /* Build configuration list for PBXNativeTarget "TheTama WatchKit Extension" */ = {
			isa = XCConfigurationList;
			buildConfigurations = (
				44170C5F1ADF797B006E1C4B /* Debug */,
				44170C601ADF797B006E1C4B /* Release */,
			);
			defaultConfigurationIsVisible = 0;
		};
		44A67B761AD39CF4002A826C /* Build configuration list for PBXProject "TheTama" */ = {
			isa = XCConfigurationList;
			buildConfigurations = (
				44A67B9A1AD39CF5002A826C /* Debug */,
				44A67B9B1AD39CF5002A826C /* Release */,
			);
			defaultConfigurationIsVisible = 0;
			defaultConfigurationName = Release;
		};
		44A67B9C1AD39CF5002A826C /* Build configuration list for PBXNativeTarget "TheTama" */ = {
			isa = XCConfigurationList;
			buildConfigurations = (
				44A67B9D1AD39CF5002A826C /* Debug */,
				44A67B9E1AD39CF5002A826C /* Release */,
			);
			defaultConfigurationIsVisible = 0;
			defaultConfigurationName = Release;
		};
		44A67B9F1AD39CF5002A826C /* Build configuration list for PBXNativeTarget "TheTamaTests" */ = {
			isa = XCConfigurationList;
			buildConfigurations = (
				44A67BA01AD39CF5002A826C /* Debug */,
				44A67BA11AD39CF5002A826C /* Release */,
			);
			defaultConfigurationIsVisible = 0;
			defaultConfigurationName = Release;
		};
/* End XCConfigurationList section */
	};
	rootObject = 44A67B731AD39CF4002A826C /* Project object */;
}
